
Microsoft Visual Studio Solution File, Format Version 11.00
# Visual C# Express 2010
Project("{FAE04EC0-301F-11D3-BF4B-00C04F79EFBC}") = "CRUD1", "CRUD1.csproj", "{32202A83-0D17-49AA-83E8-BAE39B4AEBD4}"
EndProject
Global
	GlobalSection(SolutionConfigurationPlatforms) = preSolution
		Debug|Any CPU = Debug|Any CPU
		Release|Any CPU = Release|Any CPU
	EndGlobalSection
	GlobalSection(ProjectConfigurationPlatforms) = postSolution
		{32202A83-0D17-49AA-83E8-BAE39B4AEBD4}.Debug|Any CPU.ActiveCfg = Debug|Any CPU
		{32202A83-0D17-49AA-83E8-BAE39B4AEBD4}.Debug|Any CPU.Build.0 = Debug|Any CPU
		{32202A83-0D17-49AA-83E8-BAE39B4AEBD4}.Release|Any CPU.ActiveCfg = Release|Any CPU
		{32202A83-0D17-49AA-83E8-BAE39B4AEBD4}.Release|Any CPU.Build.0 = Release|Any CPU
	EndGlobalSection
	GlobalSection(SolutionProperties) = preSolution
		HideSolutionNode = FALSE
	EndGlobalSection
EndGlobal
